
Microsoft Visual Studio Solution File, Format Version 12.00
# Visual Studio 15
VisualStudioVersion = 15.0.26124.0
MinimumVisualStudioVersion = 15.0.26124.0
Project("{FAE04EC0-301F-11D3-BF4B-00C04F79EFBC}") = "Text", "Text\Text.csproj", "{FE5169AB-9D0E-47C9-87F3-1C2175340F6C}"
EndProject
Project("{FAE04EC0-301F-11D3-BF4B-00C04F79EFBC}") = "Text.Tests", "Text.Tests\Text.Tests.csproj", "{00047ACF-F900-4332-A400-7A20E6416F09}"
EndProject
Global
	GlobalSection(SolutionConfigurationPlatforms) = preSolution
		Debug|Any CPU = Debug|Any CPU
		Debug|x64 = Debug|x64
		Debug|x86 = Debug|x86
		Release|Any CPU = Release|Any CPU
		Release|x64 = Release|x64
		Release|x86 = Release|x86
	EndGlobalSection
	GlobalSection(SolutionProperties) = preSolution
		HideSolutionNode = FALSE
	EndGlobalSection
	GlobalSection(ProjectConfigurationPlatforms) = postSolution
		{FE5169AB-9D0E-47C9-87F3-1C2175340F6C}.Debug|Any CPU.ActiveCfg = Debug|Any CPU
		{FE5169AB-9D0E-47C9-87F3-1C2175340F6C}.Debug|Any CPU.Build.0 = Debug|Any CPU
		{FE5169AB-9D0E-47C9-87F3-1C2175340F6C}.Debug|x64.ActiveCfg = Debug|Any CPU
		{FE5169AB-9D0E-47C9-87F3-1C2175340F6C}.Debug|x64.Build.0 = Debug|Any CPU
		{FE5169AB-9D0E-47C9-87F3-1C2175340F6C}.Debug|x86.ActiveCfg = Debug|Any CPU
		{FE5169AB-9D0E-47C9-87F3-1C2175340F6C}.Debug|x86.Build.0 = Debug|Any CPU
		{FE5169AB-9D0E-47C9-87F3-1C2175340F6C}.Release|Any CPU.ActiveCfg = Release|Any CPU
		{FE5169AB-9D0E-47C9-87F3-1C2175340F6C}.Release|Any CPU.Build.0 = Release|Any CPU
		{FE5169AB-9D0E-47C9-87F3-1C2175340F6C}.Release|x64.ActiveCfg = Release|Any CPU
		{FE5169AB-9D0E-47C9-87F3-1C2175340F6C}.Release|x64.Build.0 = Release|Any CPU
		{FE5169AB-9D0E-47C9-87F3-1C2175340F6C}.Release|x86.ActiveCfg = Release|Any CPU
		{FE5169AB-9D0E-47C9-87F3-1C2175340F6C}.Release|x86.Build.0 = Release|Any CPU
		{00047ACF-F900-4332-A400-7A20E6416F09}.Debug|Any CPU.ActiveCfg = Debug|Any CPU
		{00047ACF-F900-4332-A400-7A20E6416F09}.Debug|Any CPU.Build.0 = Debug|Any CPU
		{00047ACF-F900-4332-A400-7A20E6416F09}.Debug|x64.ActiveCfg = Debug|Any CPU
		{00047ACF-F900-4332-A400-7A20E6416F09}.Debug|x64.Build.0 = Debug|Any CPU
		{00047ACF-F900-4332-A400-7A20E6416F09}.Debug|x86.ActiveCfg = Debug|Any CPU
		{00047ACF-F900-4332-A400-7A20E6416F09}.Debug|x86.Build.0 = Debug|Any CPU
		{00047ACF-F900-4332-A400-7A20E6416F09}.Release|Any CPU.ActiveCfg = Release|Any CPU
		{00047ACF-F900-4332-A400-7A20E6416F09}.Release|Any CPU.Build.0 = Release|Any CPU
		{00047ACF-F900-4332-A400-7A20E6416F09}.Release|x64.ActiveCfg = Release|Any CPU
		{00047ACF-F900-4332-A400-7A20E6416F09}.Release|x64.Build.0 = Release|Any CPU
		{00047ACF-F900-4332-A400-7A20E6416F09}.Release|x86.ActiveCfg = Release|Any CPU
		{00047ACF-F900-4332-A400-7A20E6416F09}.Release|x86.Build.0 = Release|Any CPU
	EndGlobalSection
EndGlobal
